
Microsoft Visual Studio Solution File, Format Version 11.00
# Visual Studio 2010
Project("{F184B08F-C81C-45F6-A57F-5ABD9991F28F}") = "LePic", "LePic\LePic.vbproj", "{EE12B1D2-66BA-422D-A3A6-D2D359311D29}"
EndProject
Project("{F184B08F-C81C-45F6-A57F-5ABD9991F28F}") = "TestingBase", "TestingBase\TestingBase.vbproj", "{DC891F71-7476-46D9-81B3-101B716ADAAD}"
EndProject
Project("{F184B08F-C81C-45F6-A57F-5ABD9991F28F}") = "LepicUnitTest", "LepicUnitTest\LepicUnitTest.vbproj", "{06743849-473E-4FA1-9E43-38C143450110}"
EndProject
Project("{2150E333-8FDC-42A3-9474-1A3956D46DE8}") = "Solution Items", "Solution Items", "{CD300CAC-7F2D-4FE3-9940-D46F577FB6AD}"
	ProjectSection(SolutionItems) = preProject
		LePic.vsmdi = LePic.vsmdi
		Local.testsettings = Local.testsettings
		TraceAndTestImpact.testsettings = TraceAndTestImpact.testsettings
	EndProjectSection
EndProject
Global
	GlobalSection(TestCaseManagementSettings) = postSolution
		CategoryFile = LePic.vsmdi
	EndGlobalSection
	GlobalSection(SolutionConfigurationPlatforms) = preSolution
		Debug|Any CPU = Debug|Any CPU
		Debug|Mixed Platforms = Debug|Mixed Platforms
		Debug|x86 = Debug|x86
		Release|Any CPU = Release|Any CPU
		Release|Mixed Platforms = Release|Mixed Platforms
		Release|x86 = Release|x86
	EndGlobalSection
	GlobalSection(ProjectConfigurationPlatforms) = postSolution
		{EE12B1D2-66BA-422D-A3A6-D2D359311D29}.Debug|Any CPU.ActiveCfg = Debug|Any CPU
		{EE12B1D2-66BA-422D-A3A6-D2D359311D29}.Debug|Any CPU.Build.0 = Debug|Any CPU
		{EE12B1D2-66BA-422D-A3A6-D2D359311D29}.Debug|Mixed Platforms.ActiveCfg = Debug|Any CPU
		{EE12B1D2-66BA-422D-A3A6-D2D359311D29}.Debug|Mixed Platforms.Build.0 = Debug|Any CPU
		{EE12B1D2-66BA-422D-A3A6-D2D359311D29}.Debug|x86.ActiveCfg = Debug|Any CPU
		{EE12B1D2-66BA-422D-A3A6-D2D359311D29}.Release|Any CPU.ActiveCfg = Release|Any CPU
		{EE12B1D2-66BA-422D-A3A6-D2D359311D29}.Release|Any CPU.Build.0 = Release|Any CPU
		{EE12B1D2-66BA-422D-A3A6-D2D359311D29}.Release|Mixed Platforms.ActiveCfg = Release|Any CPU
		{EE12B1D2-66BA-422D-A3A6-D2D359311D29}.Release|Mixed Platforms.Build.0 = Release|Any CPU
		{EE12B1D2-66BA-422D-A3A6-D2D359311D29}.Release|x86.ActiveCfg = Release|Any CPU
		{DC891F71-7476-46D9-81B3-101B716ADAAD}.Debug|Any CPU.ActiveCfg = Debug|x86
		{DC891F71-7476-46D9-81B3-101B716ADAAD}.Debug|Mixed Platforms.ActiveCfg = Debug|x86
		{DC891F71-7476-46D9-81B3-101B716ADAAD}.Debug|Mixed Platforms.Build.0 = Debug|x86
		{DC891F71-7476-46D9-81B3-101B716ADAAD}.Debug|x86.ActiveCfg = Debug|x86
		{DC891F71-7476-46D9-81B3-101B716ADAAD}.Debug|x86.Build.0 = Debug|x86
		{DC891F71-7476-46D9-81B3-101B716ADAAD}.Release|Any CPU.ActiveCfg = Release|x86
		{DC891F71-7476-46D9-81B3-101B716ADAAD}.Release|Mixed Platforms.ActiveCfg = Release|x86
		{DC891F71-7476-46D9-81B3-101B716ADAAD}.Release|Mixed Platforms.Build.0 = Release|x86
		{DC891F71-7476-46D9-81B3-101B716ADAAD}.Release|x86.ActiveCfg = Release|x86
		{DC891F71-7476-46D9-81B3-101B716ADAAD}.Release|x86.Build.0 = Release|x86
		{06743849-473E-4FA1-9E43-38C143450110}.Debug|Any CPU.ActiveCfg = Debug|Any CPU
		{06743849-473E-4FA1-9E43-38C143450110}.Debug|Any CPU.Build.0 = Debug|Any CPU
		{06743849-473E-4FA1-9E43-38C143450110}.Debug|Mixed Platforms.ActiveCfg = Debug|Any CPU
		{06743849-473E-4FA1-9E43-38C143450110}.Debug|Mixed Platforms.Build.0 = Debug|Any CPU
		{06743849-473E-4FA1-9E43-38C143450110}.Debug|x86.ActiveCfg = Debug|Any CPU
		{06743849-473E-4FA1-9E43-38C143450110}.Release|Any CPU.ActiveCfg = Release|Any CPU
		{06743849-473E-4FA1-9E43-38C143450110}.Release|Any CPU.Build.0 = Release|Any CPU
		{06743849-473E-4FA1-9E43-38C143450110}.Release|Mixed Platforms.ActiveCfg = Release|Any CPU
		{06743849-473E-4FA1-9E43-38C143450110}.Release|Mixed Platforms.Build.0 = Release|Any CPU
		{06743849-473E-4FA1-9E43-38C143450110}.Release|x86.ActiveCfg = Release|Any CPU
	EndGlobalSection
	GlobalSection(SolutionProperties) = preSolution
		HideSolutionNode = FALSE
	EndGlobalSection
EndGlobal
